
Microsoft Visual Studio Solution File, Format Version 12.00
# Visual Studio Version 16
VisualStudioVersion = 16.0.32929.386
MinimumVisualStudioVersion = 10.0.40219.1
Project("{FAE04EC0-301F-11D3-BF4B-00C04F79EFBC}") = "GUI2021_11_09", "GUI2021_11_09\GUI2021_11_09.csproj", "{941DC320-F150-4FCF-8414-40CC1717AA49}"
EndProject
Global
	GlobalSection(SolutionConfigurationPlatforms) = preSolution
		Debug|Any CPU = Debug|Any CPU
		Release|Any CPU = Release|Any CPU
	EndGlobalSection
	GlobalSection(ProjectConfigurationPlatforms) = postSolution
		{941DC320-F150-4FCF-8414-40CC1717AA49}.Debug|Any CPU.ActiveCfg = Debug|Any CPU
		{941DC320-F150-4FCF-8414-40CC1717AA49}.Debug|Any CPU.Build.0 = Debug|Any CPU
		{941DC320-F150-4FCF-8414-40CC1717AA49}.Release|Any CPU.ActiveCfg = Release|Any CPU
		{941DC320-F150-4FCF-8414-40CC1717AA49}.Release|Any CPU.Build.0 = Release|Any CPU
	EndGlobalSection
	GlobalSection(SolutionProperties) = preSolution
		HideSolutionNode = FALSE
	EndGlobalSection
	GlobalSection(ExtensibilityGlobals) = postSolution
		SolutionGuid = {EF07B113-451B-41D9-9A13-7432FAD1EB5E}
	EndGlobalSection
EndGlobal
